
Microsoft Visual Studio Solution File, Format Version 12.00
# Visual Studio Version 17
VisualStudioVersion = 17.14.36518.9
MinimumVisualStudioVersion = 10.0.40219.1
Project("{FAE04EC0-301F-11D3-BF4B-00C04F79EFBC}") = "GlamStudio", "GlamStudio\GlamStudio.csproj", "{DFF1C4AF-2791-4E26-B008-E50BBD31CD8B}"
EndProject
Global
	GlobalSection(SolutionConfigurationPlatforms) = preSolution
		Debug|Any CPU = Debug|Any CPU
		Release|Any CPU = Release|Any CPU
	EndGlobalSection
	GlobalSection(ProjectConfigurationPlatforms) = postSolution
		{DFF1C4AF-2791-4E26-B008-E50BBD31CD8B}.Debug|Any CPU.ActiveCfg = Debug|Any CPU
		{DFF1C4AF-2791-4E26-B008-E50BBD31CD8B}.Debug|Any CPU.Build.0 = Debug|Any CPU
		{DFF1C4AF-2791-4E26-B008-E50BBD31CD8B}.Release|Any CPU.ActiveCfg = Release|Any CPU
		{DFF1C4AF-2791-4E26-B008-E50BBD31CD8B}.Release|Any CPU.Build.0 = Release|Any CPU
	EndGlobalSection
	GlobalSection(SolutionProperties) = preSolution
		HideSolutionNode = FALSE
	EndGlobalSection
	GlobalSection(ExtensibilityGlobals) = postSolution
		SolutionGuid = {43BC632B-EF16-401A-8E96-7368EE624748}
	EndGlobalSection
EndGlobal
